
Microsoft Visual Studio Solution File, Format Version 12.00
# Visual Studio Version 16
VisualStudioVersion = 16.0.29613.14
MinimumVisualStudioVersion = 10.0.40219.1
Project("{FAE04EC0-301F-11D3-BF4B-00C04F79EFBC}") = "Youtube Downloader", "Youtube Downloader\Youtube Downloader.csproj", "{2696B318-E0F2-4A77-AE37-E77F4982C2D4}"
EndProject
Global
	GlobalSection(SolutionConfigurationPlatforms) = preSolution
		Debug|Any CPU = Debug|Any CPU
		Release|Any CPU = Release|Any CPU
	EndGlobalSection
	GlobalSection(ProjectConfigurationPlatforms) = postSolution
		{2696B318-E0F2-4A77-AE37-E77F4982C2D4}.Debug|Any CPU.ActiveCfg = Debug|Any CPU
		{2696B318-E0F2-4A77-AE37-E77F4982C2D4}.Debug|Any CPU.Build.0 = Debug|Any CPU
		{2696B318-E0F2-4A77-AE37-E77F4982C2D4}.Release|Any CPU.ActiveCfg = Release|Any CPU
		{2696B318-E0F2-4A77-AE37-E77F4982C2D4}.Release|Any CPU.Build.0 = Release|Any CPU
	EndGlobalSection
	GlobalSection(SolutionProperties) = preSolution
		HideSolutionNode = FALSE
	EndGlobalSection
	GlobalSection(ExtensibilityGlobals) = postSolution
		SolutionGuid = {C5E1784C-2CC8-4DC0-A92F-3F21455496FF}
	EndGlobalSection
EndGlobal
